// !$*UTF8*$!
{
	archiveVersion = 1;
	classes = {
	};
	objectVersion = 46;
	objects = {

/* Begin PBXBuildFile section */
		791E09F91C5BA11A0044213C /* AppDelegate.swift in Sources */ = {isa = PBXBuildFile; fileRef = 791E09F81C5BA11A0044213C /* AppDelegate.swift */; };
		791E09FB1C5BA11A0044213C /* MasterViewController.swift in Sources */ = {isa = PBXBuildFile; fileRef = 791E09FA1C5BA11A0044213C /* MasterViewController.swift */; };
		791E09FD1C5BA11A0044213C /* DetailViewController.swift in Sources */ = {isa = PBXBuildFile; fileRef = 791E09FC1C5BA11A0044213C /* DetailViewController.swift */; };
		791E0A001C5BA11A0044213C /* Main.storyboard in Resources */ = {isa = PBXBuildFile; fileRef = 791E09FE1C5BA11A0044213C /* Main.storyboard */; };
		791E0A021C5BA11A0044213C /* Assets.xcassets in Resources */ = {isa = PBXBuildFile; fileRef = 791E0A011C5BA11A0044213C /* Assets.xcassets */; };
		791E0A051C5BA11A0044213C /* LaunchScreen.storyboard in Resources */ = {isa = PBXBuildFile; fileRef = 791E0A031C5BA11A0044213C /* LaunchScreen.storyboard */; };
		791E0A101C5BA11A0044213C /* project1Tests.swift in Sources */ = {isa = PBXBuildFile; fileRef = 791E0A0F1C5BA11A0044213C /* project1Tests.swift */; };
		791E0A1B1C5BA11A0044213C /* project1UITests.swift in Sources */ = {isa = PBXBuildFile; fileRef = 791E0A1A1C5BA11A0044213C /* project1UITests.swift */; };
/* End PBXBuildFile section */

/* Begin PBXContainerItemProxy section */
		791E0A0C1C5BA11A0044213C /* PBXContainerItemProxy */ = {
			isa = PBXContainerItemProxy;
			containerPortal = 791E09ED1C5BA11A0044213C /* Project object */;
			proxyType = 1;
			remoteGlobalIDString = 791E09F41C5BA11A0044213C;
			remoteInfo = project1;
		};
		791E0A171C5BA11A0044213C /* PBXContainerItemProxy */ = {
			isa = PBXContainerItemProxy;
			containerPortal = 791E09ED1C5BA11A0044213C /* Project object */;
			proxyType = 1;
			remoteGlobalIDString = 791E09F41C5BA11A0044213C;
			remoteInfo = project1;
		};
/* End PBXContainerItemProxy section */

/* Begin PBXFileReference section */
		791E09F51C5BA11A0044213C /* project1.app */ = {isa = PBXFileReference; explicitFileType = wrapper.application; includeInIndex = 0; path = project1.app; sourceTree = BUILT_PRODUCTS_DIR; };
		791E09F81C5BA11A0044213C /* AppDelegate.swift */ = {isa = PBXFileReference; lastKnownFileType = sourcecode.swift; path = AppDelegate.swift; sourceTree = "<group>"; };
		791E09FA1C5BA11A0044213C /* MasterViewController.swift */ = {isa = PBXFileReference; lastKnownFileType = sourcecode.swift; path = MasterViewController.swift; sourceTree = "<group>"; };
		791E09FC1C5BA11A0044213C /* DetailViewController.swift */ = {isa = PBXFileReference; lastKnownFileType = sourcecode.swift; path = DetailViewController.swift; sourceTree = "<group>"; };
		791E09FF1C5BA11A0044213C /* Base */ = {isa = PBXFileReference; lastKnownFileType = file.storyboard; name = Base; path = Base.lproj/Main.storyboard; sourceTree = "<group>"; };
		791E0A011C5BA11A0044213C /* Assets.xcassets */ = {isa = PBXFileReference; lastKnownFileType = folder.assetcatalog; path = Assets.xcassets; sourceTree = "<group>"; };
		791E0A041C5BA11A0044213C /* Base */ = {isa = PBXFileReference; lastKnownFileType = file.storyboard; name = Base; path = Base.lproj/LaunchScreen.storyboard; sourceTree = "<group>"; };
		791E0A061C5BA11A0044213C /* Info.plist */ = {isa = PBXFileReference; lastKnownFileType = text.plist.xml; path = Info.plist; sourceTree = "<group>"; };
		791E0A0B1C5BA11A0044213C /* project1Tests.xctest */ = {isa = PBXFileReference; explicitFileType = wrapper.cfbundle; includeInIndex = 0; path = project1Tests.xctest; sourceTree = BUILT_PRODUCTS_DIR; };
		791E0A0F1C5BA11A0044213C /* project1Tests.swift */ = {isa = PBXFileReference; lastKnownFileType = sourcecode.swift; path = project1Tests.swift; sourceTree = "<group>"; };
		791E0A111C5BA11A0044213C /* Info.plist */ = {isa = PBXFileReference; lastKnownFileType = text.plist.xml; path = Info.plist; sourceTree = "<group>"; };
		791E0A161C5BA11A0044213C /* project1UITests.xctest */ = {isa = PBXFileReference; explicitFileType = wrapper.cfbundle; includeInIndex = 0; path = project1UITests.xctest; sourceTree = BUILT_PRODUCTS_DIR; };
		791E0A1A1C5BA11A0044213C /* project1UITests.swift */ = {isa = PBXFileReference; lastKnownFileType = sourcecode.swift; path = project1UITests.swift; sourceTree = "<group>"; };
		791E0A1C1C5BA11A0044213C /* Info.plist */ = {isa = PBXFileReference; lastKnownFileType = text.plist.xml; path = Info.plist; sourceTree = "<group>"; };
/* End PBXFileReference section */

/* Begin PBXFrameworksBuildPhase section */
		791E09F21C5BA11A0044213C /* Frameworks */ = {
			isa = PBXFrameworksBuildPhase;
			buildActionMask = 2147483647;
			files = (
			);
			runOnlyForDeploymentPostprocessing = 0;
		};
		791E0A081C5BA11A0044213C /* Frameworks */ = {
			isa = PBXFrameworksBuildPhase;
			buildActionMask = 2147483647;
			files = (
			);
			runOnlyForDeploymentPostprocessing = 0;
		};
		791E0A131C5BA11A0044213C /* Frameworks */ = {
			isa = PBXFrameworksBuildPhase;
			buildActionMask = 2147483647;
			files = (
			);
			runOnlyForDeploymentPostprocessing = 0;
		};
/* End PBXFrameworksBuildPhase section */

/* Begin PBXGroup section */
		791E09EC1C5BA11A0044213C = {
			isa = PBXGroup;
			children = (
				791E09F71C5BA11A0044213C /* project1 */,
				791E0A0E1C5BA11A0044213C /* project1Tests */,
				791E0A191C5BA11A0044213C /* project1UITests */,
				791E09F61C5BA11A0044213C /* Products */,
			);
			sourceTree = "<group>";
		};
		791E09F61C5BA11A0044213C /* Products */ = {
			isa = PBXGroup;
			children = (
				791E09F51C5BA11A0044213C /* project1.app */,
				791E0A0B1C5BA11A0044213C /* project1Tests.xctest */,
				791E0A161C5BA11A0044213C /* project1UITests.xctest */,
			);
			name = Products;
			sourceTree = "<group>";
		};
		791E09F71C5BA11A0044213C /* project1 */ = {
			isa = PBXGroup;
			children = (
				791E09F81C5BA11A0044213C /* AppDelegate.swift */,
				791E09FA1C5BA11A0044213C /* MasterViewController.swift */,
				791E09FC1C5BA11A0044213C /* DetailViewController.swift */,
				791E09FE1C5BA11A0044213C /* Main.storyboard */,
				791E0A011C5BA11A0044213C /* Assets.xcassets */,
				791E0A031C5BA11A0044213C /* LaunchScreen.storyboard */,
				791E0A061C5BA11A0044213C /* Info.plist */,
			);
			path = project1;
			sourceTree = "<group>";
		};
		791E0A0E1C5BA11A0044213C /* project1Tests */ = {
			isa = PBXGroup;
			children = (
				791E0A0F1C5BA11A0044213C /* project1Tests.swift */,
				791E0A111C5BA11A0044213C /* Info.plist */,
			);
			path = project1Tests;
			sourceTree = "<group>";
		};
		791E0A191C5BA11A0044213C /* project1UITests */ = {
			isa = PBXGroup;
			children = (
				791E0A1A1C5BA11A0044213C /* project1UITests.swift */,
				791E0A1C1C5BA11A0044213C /* Info.plist */,
			);
			path = project1UITests;
			sourceTree = "<group>";
		};
/* End PBXGroup section */

/* Begin PBXNativeTarget section */
		791E09F41C5BA11A0044213C /* project1 */ = {
			isa = PBXNativeTarget;
			buildConfigurationList = 791E0A1F1C5BA11A0044213C /* Build configuration list for PBXNativeTarget "project1" */;
			buildPhases = (
				791E09F11C5BA11A0044213C /* Sources */,
				791E09F21C5BA11A0044213C /* Frameworks */,
				791E09F31C5BA11A0044213C /* Resources */,
			);
			buildRules = (
			);
			dependencies = (
			);
			name = project1;
			productName = project1;
			productReference = 791E09F51C5BA11A0044213C /* project1.app */;
			productType = "com.apple.product-type.application";
		};
		791E0A0A1C5BA11A0044213C /* project1Tests */ = {
			isa = PBXNativeTarget;
			buildConfigurationList = 791E0A221C5BA11A0044213C /* Build configuration list for PBXNativeTarget "project1Tests" */;
			buildPhases = (
				791E0A071C5BA11A0044213C /* Sources */,
				791E0A081C5BA11A0044213C /* Frameworks */,
				791E0A091C5BA11A0044213C /* Resources */,
			);
			buildRules = (
			);
			dependencies = (
				791E0A0D1C5BA11A0044213C /* PBXTargetDependency */,
			);
			name = project1Tests;
			productName = project1Tests;
			productReference = 791E0A0B1C5BA11A0044213C /* project1Tests.xctest */;
			productType = "com.apple.product-type.bundle.unit-test";
		};
		791E0A151C5BA11A0044213C /* project1UITests */ = {
			isa = PBXNativeTarget;
			buildConfigurationList = 791E0A251C5BA11A0044213C /* Build configuration list for PBXNativeTarget "project1UITests" */;
			buildPhases = (
				791E0A121C5BA11A0044213C /* Sources */,
				791E0A131C5BA11A0044213C /* Frameworks */,
				791E0A141C5BA11A0044213C /* Resources */,
			);
			buildRules = (
			);
			dependencies = (
				791E0A181C5BA11A0044213C /* PBXTargetDependency */,
			);
			name = project1UITests;
			productName = project1UITests;
			productReference = 791E0A161C5BA11A0044213C /* project1UITests.xctest */;
			productType = "com.apple.product-type.bundle.ui-testing";
		};
/* End PBXNativeTarget section */

/* Begin PBXProject section */
		791E09ED1C5BA11A0044213C /* Project object */ = {
			isa = PBXProject;
			attributes = {
				LastSwiftUpdateCheck = 0720;
				LastUpgradeCheck = 0720;
				ORGANIZATIONNAME = "张洪岩";
				TargetAttributes = {
					791E09F41C5BA11A0044213C = {
						CreatedOnToolsVersion = 7.2;
					};
					791E0A0A1C5BA11A0044213C = {
						CreatedOnToolsVersion = 7.2;
						TestTargetID = 791E09F41C5BA11A0044213C;
					};
					791E0A151C5BA11A0044213C = {
						CreatedOnToolsVersion = 7.2;
						TestTargetID = 791E09F41C5BA11A0044213C;
					};
				};
			};
			buildConfigurationList = 791E09F01C5BA11A0044213C /* Build configuration list for PBXProject "project1" */;
			compatibilityVersion = "Xcode 3.2";
			developmentRegion = English;
			hasScannedForEncodings = 0;
			knownRegions = (
				en,
				Base,
			);
			mainGroup = 791E09EC1C5BA11A0044213C;
			productRefGroup = 791E09F61C5BA11A0044213C /* Products */;
			projectDirPath = "";
			projectRoot = "";
			targets = (
				791E09F41C5BA11A0044213C /* project1 */,
				791E0A0A1C5BA11A0044213C /* project1Tests */,
				791E0A151C5BA11A0044213C /* project1UITests */,
			);
		};
/* End PBXProject section */

/* Begin PBXResourcesBuildPhase section */
		791E09F31C5BA11A0044213C /* Resources */ = {
			isa = PBXResourcesBuildPhase;
			buildActionMask = 2147483647;
			files = (
				791E0A051C5BA11A0044213C /* LaunchScreen.storyboard in Resources */,
				791E0A021C5BA11A0044213C /* Assets.xcassets in Resources */,
				791E0A001C5BA11A0044213C /* Main.storyboard in Resources */,
			);
			runOnlyForDeploymentPostprocessing = 0;
		};
		791E0A091C5BA11A0044213C /* Resources */ = {
			isa = PBXResourcesBuildPhase;
			buildActionMask = 2147483647;
			files = (
			);
			runOnlyForDeploymentPostprocessing = 0;
		};
		791E0A141C5BA11A0044213C /* Resources */ = {
			isa = PBXResourcesBuildPhase;
			buildActionMask = 2147483647;
			files = (
			);
			runOnlyForDeploymentPostprocessing = 0;
		};
/* End PBXResourcesBuildPhase section */

/* Begin PBXSourcesBuildPhase section */
		791E09F11C5BA11A0044213C /* Sources */ = {
			isa = PBXSourcesBuildPhase;
			buildActionMask = 2147483647;
			files = (
				791E09FD1C5BA11A0044213C /* DetailViewController.swift in Sources */,
				791E09FB1C5BA11A0044213C /* MasterViewController.swift in Sources */,
				791E09F91C5BA11A0044213C /* AppDelegate.swift in Sources */,
			);
			runOnlyForDeploymentPostprocessing = 0;
		};
		791E0A071C5BA11A0044213C /* Sources */ = {
			isa = PBXSourcesBuildPhase;
			buildActionMask = 2147483647;
			files = (
				791E0A101C5BA11A0044213C /* project1Tests.swift in Sources */,
			);
			runOnlyForDeploymentPostprocessing = 0;
		};
		791E0A121C5BA11A0044213C /* Sources */ = {
			isa = PBXSourcesBuildPhase;
			buildActionMask = 2147483647;
			files = (
				791E0A1B1C5BA11A0044213C /* project1UITests.swift in Sources */,
			);
			runOnlyForDeploymentPostprocessing = 0;
		};
/* End PBXSourcesBuildPhase section */

/* Begin PBXTargetDependency section */
		791E0A0D1C5BA11A0044213C /* PBXTargetDependency */ = {
			isa = PBXTargetDependency;
			target = 791E09F41C5BA11A0044213C /* project1 */;
			targetProxy = 791E0A0C1C5BA11A0044213C /* PBXContainerItemProxy */;
		};
		791E0A181C5BA11A0044213C /* PBXTargetDependency */ = {
			isa = PBXTargetDependency;
			target = 791E09F41C5BA11A0044213C /* project1 */;
			targetProxy = 791E0A171C5BA11A0044213C /* PBXContainerItemProxy */;
		};
/* End PBXTargetDependency section */

/* Begin PBXVariantGroup section */
		791E09FE1C5BA11A0044213C /* Main.storyboard */ = {
			isa = PBXVariantGroup;
			children = (
				791E09FF1C5BA11A0044213C /* Base */,
			);
			name = Main.storyboard;
			sourceTree = "<group>";
		};
		791E0A031C5BA11A0044213C /* LaunchScreen.storyboard */ = {
			isa = PBXVariantGroup;
			children = (
				791E0A041C5BA11A0044213C /* Base */,
			);
			name = LaunchScreen.storyboard;
			sourceTree = "<group>";
		};
/* End PBXVariantGroup section */

/* Begin XCBuildConfiguration section */
		791E0A1D1C5BA11A0044213C /* Debug */ = {
			isa = XCBuildConfiguration;
			buildSettings = {
				ALWAYS_SEARCH_USER_PATHS = NO;
				CLANG_CXX_LANGUAGE_STANDARD = "gnu++0x";
				CLANG_CXX_LIBRARY = "libc++";
				CLANG_ENABLE_MODULES = YES;
				CLANG_ENABLE_OBJC_ARC = YES;
				CLANG_WARN_BOOL_CONVERSION = YES;
				CLANG_WARN_CONSTANT_CONVERSION = YES;
				CLANG_WARN_DIRECT_OBJC_ISA_USAGE = YES_ERROR;
				CLANG_WARN_EMPTY_BODY = YES;
				CLANG_WARN_ENUM_CONVERSION = YES;
				CLANG_WARN_INT_CONVERSION = YES;
				CLANG_WARN_OBJC_ROOT_CLASS = YES_ERROR;
				CLANG_WARN_UNREACHABLE_CODE = YES;
				CLANG_WARN__DUPLICATE_METHOD_MATCH = YES;
				"CODE_SIGN_IDENTITY[sdk=iphoneos*]" = "iPhone Developer";
				COPY_PHASE_STRIP = NO;
				DEBUG_INFORMATION_FORMAT = dwarf;
				ENABLE_STRICT_OBJC_MSGSEND = YES;
				ENABLE_TESTABILITY = YES;
				GCC_C_LANGUAGE_STANDARD = gnu99;
				GCC_DYNAMIC_NO_PIC = NO;
				GCC_NO_COMMON_BLOCKS = YES;
				GCC_OPTIMIZATION_LEVEL = 0;
				GCC_PREPROCESSOR_DEFINITIONS = (
					"DEBUG=1",
					"$(inherited)",
				);
				GCC_WARN_64_TO_32_BIT_CONVERSION = YES;
				GCC_WARN_ABOUT_RETURN_TYPE = YES_ERROR;
				GCC_WARN_UNDECLARED_SELECTOR = YES;
				GCC_WARN_UNINITIALIZED_AUTOS = YES_AGGRESSIVE;
				GCC_WARN_UNUSED_FUNCTION = YES;
				GCC_WARN_UNUSED_VARIABLE = YES;
				IPHONEOS_DEPLOYMENT_TARGET = 9.2;
				MTL_ENABLE_DEBUG_INFO = YES;
				ONLY_ACTIVE_ARCH = YES;
				SDKROOT = iphoneos;
				SWIFT_OPTIMIZATION_LEVEL = "-Onone";
				TARGETED_DEVICE_FAMILY = "1,2";
			};
			name = Debug;
		};
		791E0A1E1C5BA11A0044213C /* Release */ = {
			isa = XCBuildConfiguration;
			buildSettings = {
				ALWAYS_SEARCH_USER_PATHS = NO;
				CLANG_CXX_LANGUAGE_STANDARD = "gnu++0x";
				CLANG_CXX_LIBRARY = "libc++";
				CLANG_ENABLE_MODULES = YES;
				CLANG_ENABLE_OBJC_ARC = YES;
				CLANG_WARN_BOOL_CONVERSION = YES;
				CLANG_WARN_CONSTANT_CONVERSION = YES;
				CLANG_WARN_DIRECT_OBJC_ISA_USAGE = YES_ERROR;
				CLANG_WARN_EMPTY_BODY = YES;
				CLANG_WARN_ENUM_CONVERSION = YES;
				CLANG_WARN_INT_CONVERSION = YES;
				CLANG_WARN_OBJC_ROOT_CLASS = YES_ERROR;
				CLANG_WARN_UNREACHABLE_CODE = YES;
				CLANG_WARN__DUPLICATE_METHOD_MATCH = YES;
				"CODE_SIGN_IDENTITY[sdk=iphoneos*]" = "iPhone Developer";
				COPY_PHASE_STRIP = NO;
				DEBUG_INFORMATION_FORMAT = "dwarf-with-dsym";
				ENABLE_NS_ASSERTIONS = NO;
				ENABLE_STRICT_OBJC_MSGSEND = YES;
				GCC_C_LANGUAGE_STANDARD = gnu99;
				GCC_NO_COMMON_BLOCKS = YES;
				GCC_WARN_64_TO_32_BIT_CONVERSION = YES;
				GCC_WARN_ABOUT_RETURN_TYPE = YES_ERROR;
				GCC_WARN_UNDECLARED_SELECTOR = YES;
				GCC_WARN_UNINITIALIZED_AUTOS = YES_AGGRESSIVE;
				GCC_WARN_UNUSED_FUNCTION = YES;
				GCC_WARN_UNUSED_VARIABLE = YES;
				IPHONEOS_DEPLOYMENT_TARGET = 9.2;
				MTL_ENABLE_DEBUG_INFO = NO;
				SDKROOT = iphoneos;
				TARGETED_DEVICE_FAMILY = "1,2";
				VALIDATE_PRODUCT = YES;
			};
			name = Release;
		};
		791E0A201C5BA11A0044213C /* Debug */ = {
			isa = XCBuildConfiguration;
			buildSettings = {
				ASSETCATALOG_COMPILER_APPICON_NAME = AppIcon;
				CODE_SIGN_IDENTITY = "iPhone Developer";
				INFOPLIST_FILE = project1/Info.plist;
				IPHONEOS_DEPLOYMENT_TARGET = 9.2;
				LD_RUNPATH_SEARCH_PATHS = "$(inherited) @executable_path/Frameworks";
				PRODUCT_BUNDLE_IDENTIFIER = com.tpyzq.project1;
				PRODUCT_NAME = "$(TARGET_NAME)";
				TARGETED_DEVICE_FAMILY = "1,2";
			};
			name = Debug;
		};
		791E0A211C5BA11A0044213C /* Release */ = {
			isa = XCBuildConfiguration;
			buildSettings = {
				ASSETCATALOG_COMPILER_APPICON_NAME = AppIcon;
				CODE_SIGN_IDENTITY = "iPhone Developer";
				INFOPLIST_FILE = project1/Info.plist;
				IPHONEOS_DEPLOYMENT_TARGET = 9.2;
				LD_RUNPATH_SEARCH_PATHS = "$(inherited) @executable_path/Frameworks";
				PRODUCT_BUNDLE_IDENTIFIER = com.tpyzq.project1;
				PRODUCT_NAME = "$(TARGET_NAME)";
				TARGETED_DEVICE_FAMILY = "1,2";
			};
			name = Release;
		};
		791E0A231C5BA11A0044213C /* Debug */ = {
			isa = XCBuildConfiguration;
			buildSettings = {
				BUNDLE_LOADER = "$(TEST_HOST)";
				INFOPLIST_FILE = project1Tests/Info.plist;
				LD_RUNPATH_SEARCH_PATHS = "$(inherited) @executable_path/Frameworks @loader_path/Frameworks";
				PRODUCT_BUNDLE_IDENTIFIER = com.tpyzq.project1Tests;
				PRODUCT_NAME = "$(TARGET_NAME)";
				TEST_HOST = "$(BUILT_PRODUCTS_DIR)/project1.app/project1";
			};
			name = Debug;
		};
		791E0A241C5BA11A0044213C /* Release */ = {
			isa = XCBuildConfiguration;
			buildSettings = {
				BUNDLE_LOADER = "$(TEST_HOST)";
				INFOPLIST_FILE = project1Tests/Info.plist;
				LD_RUNPATH_SEARCH_PATHS = "$(inherited) @executable_path/Frameworks @loader_path/Frameworks";
				PRODUCT_BUNDLE_IDENTIFIER = com.tpyzq.project1Tests;
				PRODUCT_NAME = "$(TARGET_NAME)";
				TEST_HOST = "$(BUILT_PRODUCTS_DIR)/project1.app/project1";
			};
			name = Release;
		};
		791E0A261C5BA11A0044213C /* Debug */ = {
			isa = XCBuildConfiguration;
			buildSettings = {
				INFOPLIST_FILE = project1UITests/Info.plist;
				LD_RUNPATH_SEARCH_PATHS = "$(inherited) @executable_path/Frameworks @loader_path/Frameworks";
				PRODUCT_BUNDLE_IDENTIFIER = com.tpyzq.project1UITests;
				PRODUCT_NAME = "$(TARGET_NAME)";
				TEST_TARGET_NAME = project1;
				USES_XCTRUNNER = YES;
			};
			name = Debug;
		};
		791E0A271C5BA11A0044213C /* Release */ = {
			isa = XCBuildConfiguration;
			buildSettings = {
				INFOPLIST_FILE = project1UITests/Info.plist;
				LD_RUNPATH_SEARCH_PATHS = "$(inherited) @executable_path/Frameworks @loader_path/Frameworks";
				PRODUCT_BUNDLE_IDENTIFIER = com.tpyzq.project1UITests;
				PRODUCT_NAME = "$(TARGET_NAME)";
				TEST_TARGET_NAME = project1;
				USES_XCTRUNNER = YES;
			};
			name = Release;
		};
/* End XCBuildConfiguration section */

/* Begin XCConfigurationList section */
		791E09F01C5BA11A0044213C /* Build configuration list for PBXProject "project1" */ = {
			isa = XCConfigurationList;
			buildConfigurations = (
				791E0A1D1C5BA11A0044213C /* Debug */,
				791E0A1E1C5BA11A0044213C /* Release */,
			);
			defaultConfigurationIsVisible = 0;
			defaultConfigurationName = Release;
		};
		791E0A1F1C5BA11A0044213C /* Build configuration list for PBXNativeTarget "project1" */ = {
			isa = XCConfigurationList;
			buildConfigurations = (
				791E0A201C5BA11A0044213C /* Debug */,
				791E0A211C5BA11A0044213C /* Release */,
			);
			defaultConfigurationIsVisible = 0;
		};
		791E0A221C5BA11A0044213C /* Build configuration list for PBXNativeTarget "project1Tests" */ = {
			isa = XCConfigurationList;
			buildConfigurations = (
				791E0A231C5BA11A0044213C /* Debug */,
				791E0A241C5BA11A0044213C /* Release */,
			);
			defaultConfigurationIsVisible = 0;
		};
		791E0A251C5BA11A0044213C /* Build configuration list for PBXNativeTarget "project1UITests" */ = {
			isa = XCConfigurationList;
			buildConfigurations = (
				791E0A261C5BA11A0044213C /* Debug */,
				791E0A271C5BA11A0044213C /* Release */,
			);
			defaultConfigurationIsVisible = 0;
		};
/* End XCConfigurationList section */
	};
	rootObject = 791E09ED1C5BA11A0044213C /* Project object */;
}
